[{<<"goldrush">>,
  {git,"git://github.com/DeadZen/goldrush.git",
       {ref,"212299233c7e7eb63a97be2777e1c05ebaa58dbe"}},
  1},
 {<<"gpb">>,
  {git,"https://github.com/tomas-abrahamsson/gpb",
       {ref,"775da821b1842d0c76533d25867c1be4b94c2bbb"}},
  0},
 {<<"jsx">>,
  {git,"https://github.com/talentdeficit/jsx.git",
       {ref,"2d8a7d07da511400475cfc5da649fda0c391f01d"}},
  0},
 {<<"lager">>,
  {git,"git://github.com/basho/lager",
       {ref,"45fe95ba6cd964b7a667394c4e671a5afe8f5a42"}},
  0}].
