{"1.1.0",
[{<<"goldrush">>,{pkg,<<"goldrush">>,<<"0.1.9">>},1},
 {<<"gpb">>,{pkg,<<"gpb">>,<<"3.27.4">>},0},
 {<<"jiffy">>,{pkg,<<"jiffy">>,<<"0.14.11">>},0},
 {<<"lager">>,{pkg,<<"lager">>,<<"3.5.1">>},0}]}.
[
{pkg_hash,[
 {<<"goldrush">>, <<"F06E5D5F1277DA5C413E84D5A2924174182FB108DABB39D5EC548B27424CD106">>},
 {<<"gpb">>, <<"0BE08756A64A4A9F4E74E6E50ACE568CAD2577F52A9EB9D5985AA7A7E5D73BCB">>},
 {<<"jiffy">>, <<"919A87D491C5A6B5E3BBC27FAFEDC3A0761CA0B4C405394F121F582FD4E3F0E5">>},
 {<<"lager">>, <<"63897A61AF646C59BB928FEE9756CE8BDD02D5A1A2F3551D4A5E38386C2CC071">>}]}
].
